
Microsoft Visual Studio Solution File, Format Version 12.00
Project("{FAE04EC0-301F-11D3-BF4B-00C04F79EFBC}") = "ConsoleApp2", "ConsoleApp2\ConsoleApp2.csproj", "{41C0A929-9AF8-4507-A0B3-FC8DCACFDDB1}"
EndProject
Project("{2150E333-8FDC-42A3-9474-1A3956D46DE8}") = "Solution Items", "Solution Items", "{84F5C34E-BE38-4C91-A8D3-AF73F49C8566}"
	ProjectSection(SolutionItems) = preProject
		Lab_1.cs = Lab_1.cs
	EndProjectSection
EndProject
Project("{FAE04EC0-301F-11D3-BF4B-00C04F79EFBC}") = "Lab_1", "Lab_1\Lab_1.csproj", "{D2D8BE18-6F56-4BFC-A888-3AD2C1F2FA22}"
EndProject
Global
	GlobalSection(SolutionConfigurationPlatforms) = preSolution
		Debug|Any CPU = Debug|Any CPU
		Release|Any CPU = Release|Any CPU
	EndGlobalSection
	GlobalSection(ProjectConfigurationPlatforms) = postSolution
		{41C0A929-9AF8-4507-A0B3-FC8DCACFDDB1}.Debug|Any CPU.ActiveCfg = Debug|Any CPU
		{41C0A929-9AF8-4507-A0B3-FC8DCACFDDB1}.Debug|Any CPU.Build.0 = Debug|Any CPU
		{41C0A929-9AF8-4507-A0B3-FC8DCACFDDB1}.Release|Any CPU.ActiveCfg = Release|Any CPU
		{41C0A929-9AF8-4507-A0B3-FC8DCACFDDB1}.Release|Any CPU.Build.0 = Release|Any CPU
		{D2D8BE18-6F56-4BFC-A888-3AD2C1F2FA22}.Debug|Any CPU.ActiveCfg = Debug|Any CPU
		{D2D8BE18-6F56-4BFC-A888-3AD2C1F2FA22}.Debug|Any CPU.Build.0 = Debug|Any CPU
		{D2D8BE18-6F56-4BFC-A888-3AD2C1F2FA22}.Release|Any CPU.ActiveCfg = Release|Any CPU
		{D2D8BE18-6F56-4BFC-A888-3AD2C1F2FA22}.Release|Any CPU.Build.0 = Release|Any CPU
	EndGlobalSection
EndGlobal
